// !$*UTF8*$!
{
	archiveVersion = 1;
	classes = {
	};
	objectVersion = 50;
	objects = {

/* Begin PBXBuildFile section */
		3C33FECA25901CF000803D59 /* ImageController.swift in Sources */ = {isa = PBXBuildFile; fileRef = 3C33FEC825901CF000803D59 /* ImageController.swift */; };
		3C33FECB25901CF000803D59 /* ImageController.xib in Resources */ = {isa = PBXBuildFile; fileRef = 3C33FEC925901CF000803D59 /* ImageController.xib */; };
		3C33FED02590202600803D59 /* ImageViewExtension.swift in Sources */ = {isa = PBXBuildFile; fileRef = 3C33FECF2590202600803D59 /* ImageViewExtension.swift */; };
		3CFCD26F258ED37500D90AC3 /* AppDelegate.swift in Sources */ = {isa = PBXBuildFile; fileRef = 3CFCD26E258ED37500D90AC3 /* AppDelegate.swift */; };
		3CFCD271258ED37500D90AC3 /* SceneDelegate.swift in Sources */ = {isa = PBXBuildFile; fileRef = 3CFCD270258ED37500D90AC3 /* SceneDelegate.swift */; };
		3CFCD278258ED37600D90AC3 /* Assets.xcassets in Resources */ = {isa = PBXBuildFile; fileRef = 3CFCD277258ED37600D90AC3 /* Assets.xcassets */; };
		3CFCD286258ED43900D90AC3 /* Launch Screen.storyboard in Resources */ = {isa = PBXBuildFile; fileRef = 3CFCD285258ED43900D90AC3 /* Launch Screen.storyboard */; };
		3CFCD295258EDEDB00D90AC3 /* HomeController.swift in Sources */ = {isa = PBXBuildFile; fileRef = 3CFCD293258EDEDB00D90AC3 /* HomeController.swift */; };
		3CFCD296258EDEDB00D90AC3 /* HomeController.xib in Resources */ = {isa = PBXBuildFile; fileRef = 3CFCD294258EDEDB00D90AC3 /* HomeController.xib */; };
		3CFCD29A258EE10500D90AC3 /* RedditEntry.swift in Sources */ = {isa = PBXBuildFile; fileRef = 3CFCD299258EE10500D90AC3 /* RedditEntry.swift */; };
		3CFCD29F258EF01000D90AC3 /* NetworkService.swift in Sources */ = {isa = PBXBuildFile; fileRef = 3CFCD29E258EF01000D90AC3 /* NetworkService.swift */; };
		3CFCD2A3258EFA8400D90AC3 /* RedditCell.swift in Sources */ = {isa = PBXBuildFile; fileRef = 3CFCD2A1258EFA8400D90AC3 /* RedditCell.swift */; };
		3CFCD2A4258EFA8400D90AC3 /* RedditCell.xib in Resources */ = {isa = PBXBuildFile; fileRef = 3CFCD2A2258EFA8400D90AC3 /* RedditCell.xib */; };
/* End PBXBuildFile section */

/* Begin PBXFileReference section */
		3C33FEC825901CF000803D59 /* ImageController.swift */ = {isa = PBXFileReference; lastKnownFileType = sourcecode.swift; path = ImageController.swift; sourceTree = "<group>"; };
		3C33FEC925901CF000803D59 /* ImageController.xib */ = {isa = PBXFileReference; lastKnownFileType = file.xib; path = ImageController.xib; sourceTree = "<group>"; };
		3C33FECF2590202600803D59 /* ImageViewExtension.swift */ = {isa = PBXFileReference; lastKnownFileType = sourcecode.swift; path = ImageViewExtension.swift; sourceTree = "<group>"; };
		3CFCD26B258ED37500D90AC3 /* Reddit Explorer.app */ = {isa = PBXFileReference; explicitFileType = wrapper.application; includeInIndex = 0; path = "Reddit Explorer.app"; sourceTree = BUILT_PRODUCTS_DIR; };
		3CFCD26E258ED37500D90AC3 /* AppDelegate.swift */ = {isa = PBXFileReference; lastKnownFileType = sourcecode.swift; path = AppDelegate.swift; sourceTree = "<group>"; };
		3CFCD270258ED37500D90AC3 /* SceneDelegate.swift */ = {isa = PBXFileReference; lastKnownFileType = sourcecode.swift; path = SceneDelegate.swift; sourceTree = "<group>"; };
		3CFCD277258ED37600D90AC3 /* Assets.xcassets */ = {isa = PBXFileReference; lastKnownFileType = folder.assetcatalog; path = Assets.xcassets; sourceTree = "<group>"; };
		3CFCD27C258ED37600D90AC3 /* Info.plist */ = {isa = PBXFileReference; lastKnownFileType = text.plist.xml; path = Info.plist; sourceTree = "<group>"; };
		3CFCD285258ED43900D90AC3 /* Launch Screen.storyboard */ = {isa = PBXFileReference; lastKnownFileType = file.storyboard; path = "Launch Screen.storyboard"; sourceTree = "<group>"; };
		3CFCD293258EDEDB00D90AC3 /* HomeController.swift */ = {isa = PBXFileReference; lastKnownFileType = sourcecode.swift; path = HomeController.swift; sourceTree = "<group>"; };
		3CFCD294258EDEDB00D90AC3 /* HomeController.xib */ = {isa = PBXFileReference; lastKnownFileType = file.xib; path = HomeController.xib; sourceTree = "<group>"; };
		3CFCD299258EE10500D90AC3 /* RedditEntry.swift */ = {isa = PBXFileReference; lastKnownFileType = sourcecode.swift; path = RedditEntry.swift; sourceTree = "<group>"; };
		3CFCD29E258EF01000D90AC3 /* NetworkService.swift */ = {isa = PBXFileReference; lastKnownFileType = sourcecode.swift; path = NetworkService.swift; sourceTree = "<group>"; };
		3CFCD2A1258EFA8400D90AC3 /* RedditCell.swift */ = {isa = PBXFileReference; lastKnownFileType = sourcecode.swift; path = RedditCell.swift; sourceTree = "<group>"; };
		3CFCD2A2258EFA8400D90AC3 /* RedditCell.xib */ = {isa = PBXFileReference; lastKnownFileType = file.xib; path = RedditCell.xib; sourceTree = "<group>"; };
/* End PBXFileReference section */

/* Begin PBXFrameworksBuildPhase section */
		3CFCD268258ED37500D90AC3 /* Frameworks */ = {
			isa = PBXFrameworksBuildPhase;
			buildActionMask = 2147483647;
			files = (
			);
			runOnlyForDeploymentPostprocessing = 0;
		};
/* End PBXFrameworksBuildPhase section */

/* Begin PBXGroup section */
		3C33FEC725901C9300803D59 /* ImageScreen */ = {
			isa = PBXGroup;
			children = (
				3C33FEC825901CF000803D59 /* ImageController.swift */,
				3C33FEC925901CF000803D59 /* ImageController.xib */,
			);
			path = ImageScreen;
			sourceTree = "<group>";
		};
		3C33FECE25901FF000803D59 /* Helpers */ = {
			isa = PBXGroup;
			children = (
				3C33FECF2590202600803D59 /* ImageViewExtension.swift */,
			);
			path = Helpers;
			sourceTree = "<group>";
		};
		3CFCD262258ED37500D90AC3 = {
			isa = PBXGroup;
			children = (
				3CFCD26D258ED37500D90AC3 /* Reddit Explorer */,
				3CFCD26C258ED37500D90AC3 /* Products */,
			);
			sourceTree = "<group>";
		};
		3CFCD26C258ED37500D90AC3 /* Products */ = {
			isa = PBXGroup;
			children = (
				3CFCD26B258ED37500D90AC3 /* Reddit Explorer.app */,
			);
			name = Products;
			sourceTree = "<group>";
		};
		3CFCD26D258ED37500D90AC3 /* Reddit Explorer */ = {
			isa = PBXGroup;
			children = (
				3CFCD288258ED44E00D90AC3 /* App */,
				3CFCD284258ED42500D90AC3 /* LaunchScreen */,
				3CFCD28A258EDA0100D90AC3 /* HomeScreen */,
				3C33FEC725901C9300803D59 /* ImageScreen */,
				3CFCD29D258EEFB700D90AC3 /* NetworkService */,
				3C33FECE25901FF000803D59 /* Helpers */,
				3CFCD277258ED37600D90AC3 /* Assets.xcassets */,
				3CFCD27C258ED37600D90AC3 /* Info.plist */,
			);
			path = "Reddit Explorer";
			sourceTree = "<group>";
		};
		3CFCD284258ED42500D90AC3 /* LaunchScreen */ = {
			isa = PBXGroup;
			children = (
				3CFCD285258ED43900D90AC3 /* Launch Screen.storyboard */,
			);
			path = LaunchScreen;
			sourceTree = "<group>";
		};
		3CFCD288258ED44E00D90AC3 /* App */ = {
			isa = PBXGroup;
			children = (
				3CFCD26E258ED37500D90AC3 /* AppDelegate.swift */,
				3CFCD270258ED37500D90AC3 /* SceneDelegate.swift */,
			);
			path = App;
			sourceTree = "<group>";
		};
		3CFCD28A258EDA0100D90AC3 /* HomeScreen */ = {
			isa = PBXGroup;
			children = (
				3CFCD298258EE0EF00D90AC3 /* Model */,
				3CFCD293258EDEDB00D90AC3 /* HomeController.swift */,
				3CFCD294258EDEDB00D90AC3 /* HomeController.xib */,
				3CFCD2A1258EFA8400D90AC3 /* RedditCell.swift */,
				3CFCD2A2258EFA8400D90AC3 /* RedditCell.xib */,
			);
			path = HomeScreen;
			sourceTree = "<group>";
		};
		3CFCD298258EE0EF00D90AC3 /* Model */ = {
			isa = PBXGroup;
			children = (
				3CFCD299258EE10500D90AC3 /* RedditEntry.swift */,
			);
			path = Model;
			sourceTree = "<group>";
		};
		3CFCD29D258EEFB700D90AC3 /* NetworkService */ = {
			isa = PBXGroup;
			children = (
				3CFCD29E258EF01000D90AC3 /* NetworkService.swift */,
			);
			path = NetworkService;
			sourceTree = "<group>";
		};
/* End PBXGroup section */

/* Begin PBXNativeTarget section */
		3CFCD26A258ED37500D90AC3 /* Reddit Explorer */ = {
			isa = PBXNativeTarget;
			buildConfigurationList = 3CFCD27F258ED37600D90AC3 /* Build configuration list for PBXNativeTarget "Reddit Explorer" */;
			buildPhases = (
				3CFCD267258ED37500D90AC3 /* Sources */,
				3CFCD268258ED37500D90AC3 /* Frameworks */,
				3CFCD269258ED37500D90AC3 /* Resources */,
			);
			buildRules = (
			);
			dependencies = (
			);
			name = "Reddit Explorer";
			productName = "Reddit Explorer";
			productReference = 3CFCD26B258ED37500D90AC3 /* Reddit Explorer.app */;
			productType = "com.apple.product-type.application";
		};
/* End PBXNativeTarget section */

/* Begin PBXProject section */
		3CFCD263258ED37500D90AC3 /* Project object */ = {
			isa = PBXProject;
			attributes = {
				LastSwiftUpdateCheck = 1230;
				LastUpgradeCheck = 1230;
				TargetAttributes = {
					3CFCD26A258ED37500D90AC3 = {
						CreatedOnToolsVersion = 12.3;
					};
				};
			};
			buildConfigurationList = 3CFCD266258ED37500D90AC3 /* Build configuration list for PBXProject "Reddit Explorer" */;
			compatibilityVersion = "Xcode 9.3";
			developmentRegion = en;
			hasScannedForEncodings = 0;
			knownRegions = (
				en,
				Base,
			);
			mainGroup = 3CFCD262258ED37500D90AC3;
			productRefGroup = 3CFCD26C258ED37500D90AC3 /* Products */;
			projectDirPath = "";
			projectRoot = "";
			targets = (
				3CFCD26A258ED37500D90AC3 /* Reddit Explorer */,
			);
		};
/* End PBXProject section */

/* Begin PBXResourcesBuildPhase section */
		3CFCD269258ED37500D90AC3 /* Resources */ = {
			isa = PBXResourcesBuildPhase;
			buildActionMask = 2147483647;
			files = (
				3CFCD286258ED43900D90AC3 /* Launch Screen.storyboard in Resources */,
				3CFCD296258EDEDB00D90AC3 /* HomeController.xib in Resources */,
				3C33FECB25901CF000803D59 /* ImageController.xib in Resources */,
				3CFCD278258ED37600D90AC3 /* Assets.xcassets in Resources */,
				3CFCD2A4258EFA8400D90AC3 /* RedditCell.xib in Resources */,
			);
			runOnlyForDeploymentPostprocessing = 0;
		};
/* End PBXResourcesBuildPhase section */

/* Begin PBXSourcesBuildPhase section */
		3CFCD267258ED37500D90AC3 /* Sources */ = {
			isa = PBXSourcesBuildPhase;
			buildActionMask = 2147483647;
			files = (
				3C33FECA25901CF000803D59 /* ImageController.swift in Sources */,
				3CFCD29F258EF01000D90AC3 /* NetworkService.swift in Sources */,
				3CFCD2A3258EFA8400D90AC3 /* RedditCell.swift in Sources */,
				3CFCD26F258ED37500D90AC3 /* AppDelegate.swift in Sources */,
				3CFCD271258ED37500D90AC3 /* SceneDelegate.swift in Sources */,
				3CFCD29A258EE10500D90AC3 /* RedditEntry.swift in Sources */,
				3C33FED02590202600803D59 /* ImageViewExtension.swift in Sources */,
				3CFCD295258EDEDB00D90AC3 /* HomeController.swift in Sources */,
			);
			runOnlyForDeploymentPostprocessing = 0;
		};
/* End PBXSourcesBuildPhase section */

/* Begin XCBuildConfiguration section */
		3CFCD27D258ED37600D90AC3 /* Debug */ = {
			isa = XCBuildConfiguration;
			buildSettings = {
				ALWAYS_SEARCH_USER_PATHS = NO;
				CLANG_ANALYZER_NONNULL = YES;
				CLANG_ANALYZER_NUMBER_OBJECT_CONVERSION = YES_AGGRESSIVE;
				CLANG_CXX_LANGUAGE_STANDARD = "gnu++14";
				CLANG_CXX_LIBRARY = "libc++";
				CLANG_ENABLE_MODULES = YES;
				CLANG_ENABLE_OBJC_ARC = YES;
				CLANG_ENABLE_OBJC_WEAK = YES;
				CLANG_WARN_BLOCK_CAPTURE_AUTORELEASING = YES;
				CLANG_WARN_BOOL_CONVERSION = YES;
				CLANG_WARN_COMMA = YES;
				CLANG_WARN_CONSTANT_CONVERSION = YES;
				CLANG_WARN_DEPRECATED_OBJC_IMPLEMENTATIONS = YES;
				CLANG_WARN_DIRECT_OBJC_ISA_USAGE = YES_ERROR;
				CLANG_WARN_DOCUMENTATION_COMMENTS = YES;
				CLANG_WARN_EMPTY_BODY = YES;
				CLANG_WARN_ENUM_CONVERSION = YES;
				CLANG_WARN_INFINITE_RECURSION = YES;
				CLANG_WARN_INT_CONVERSION = YES;
				CLANG_WARN_NON_LITERAL_NULL_CONVERSION = YES;
				CLANG_WARN_OBJC_IMPLICIT_RETAIN_SELF = YES;
				CLANG_WARN_OBJC_LITERAL_CONVERSION = YES;
				CLANG_WARN_OBJC_ROOT_CLASS = YES_ERROR;
				CLANG_WARN_QUOTED_INCLUDE_IN_FRAMEWORK_HEADER = YES;
				CLANG_WARN_RANGE_LOOP_ANALYSIS = YES;
				CLANG_WARN_STRICT_PROTOTYPES = YES;
				CLANG_WARN_SUSPICIOUS_MOVE = YES;
				CLANG_WARN_UNGUARDED_AVAILABILITY = YES_AGGRESSIVE;
				CLANG_WARN_UNREACHABLE_CODE = YES;
				CLANG_WARN__DUPLICATE_METHOD_MATCH = YES;
				COPY_PHASE_STRIP = NO;
				DEBUG_INFORMATION_FORMAT = dwarf;
				ENABLE_STRICT_OBJC_MSGSEND = YES;
				ENABLE_TESTABILITY = YES;
				GCC_C_LANGUAGE_STANDARD = gnu11;
				GCC_DYNAMIC_NO_PIC = NO;
				GCC_NO_COMMON_BLOCKS = YES;
				GCC_OPTIMIZATION_LEVEL = 0;
				GCC_PREPROCESSOR_DEFINITIONS = (
					"DEBUG=1",
					"$(inherited)",
				);
				GCC_WARN_64_TO_32_BIT_CONVERSION = YES;
				GCC_WARN_ABOUT_RETURN_TYPE = YES_ERROR;
				GCC_WARN_UNDECLARED_SELECTOR = YES;
				GCC_WARN_UNINITIALIZED_AUTOS = YES_AGGRESSIVE;
				GCC_WARN_UNUSED_FUNCTION = YES;
				GCC_WARN_UNUSED_VARIABLE = YES;
				IPHONEOS_DEPLOYMENT_TARGET = 14.3;
				MTL_ENABLE_DEBUG_INFO = INCLUDE_SOURCE;
				MTL_FAST_MATH = YES;
				ONLY_ACTIVE_ARCH = YES;
				SDKROOT = iphoneos;
				SWIFT_ACTIVE_COMPILATION_CONDITIONS = DEBUG;
				SWIFT_OPTIMIZATION_LEVEL = "-Onone";
			};
			name = Debug;
		};
		3CFCD27E258ED37600D90AC3 /* Release */ = {
			isa = XCBuildConfiguration;
			buildSettings = {
				ALWAYS_SEARCH_USER_PATHS = NO;
				CLANG_ANALYZER_NONNULL = YES;
				CLANG_ANALYZER_NUMBER_OBJECT_CONVERSION = YES_AGGRESSIVE;
				CLANG_CXX_LANGUAGE_STANDARD = "gnu++14";
				CLANG_CXX_LIBRARY = "libc++";
				CLANG_ENABLE_MODULES = YES;
				CLANG_ENABLE_OBJC_ARC = YES;
				CLANG_ENABLE_OBJC_WEAK = YES;
				CLANG_WARN_BLOCK_CAPTURE_AUTORELEASING = YES;
				CLANG_WARN_BOOL_CONVERSION = YES;
				CLANG_WARN_COMMA = YES;
				CLANG_WARN_CONSTANT_CONVERSION = YES;
				CLANG_WARN_DEPRECATED_OBJC_IMPLEMENTATIONS = YES;
				CLANG_WARN_DIRECT_OBJC_ISA_USAGE = YES_ERROR;
				CLANG_WARN_DOCUMENTATION_COMMENTS = YES;
				CLANG_WARN_EMPTY_BODY = YES;
				CLANG_WARN_ENUM_CONVERSION = YES;
				CLANG_WARN_INFINITE_RECURSION = YES;
				CLANG_WARN_INT_CONVERSION = YES;
				CLANG_WARN_NON_LITERAL_NULL_CONVERSION = YES;
				CLANG_WARN_OBJC_IMPLICIT_RETAIN_SELF = YES;
				CLANG_WARN_OBJC_LITERAL_CONVERSION = YES;
				CLANG_WARN_OBJC_ROOT_CLASS = YES_ERROR;
				CLANG_WARN_QUOTED_INCLUDE_IN_FRAMEWORK_HEADER = YES;
				CLANG_WARN_RANGE_LOOP_ANALYSIS = YES;
				CLANG_WARN_STRICT_PROTOTYPES = YES;
				CLANG_WARN_SUSPICIOUS_MOVE = YES;
				CLANG_WARN_UNGUARDED_AVAILABILITY = YES_AGGRESSIVE;
				CLANG_WARN_UNREACHABLE_CODE = YES;
				CLANG_WARN__DUPLICATE_METHOD_MATCH = YES;
				COPY_PHASE_STRIP = NO;
				DEBUG_INFORMATION_FORMAT = "dwarf-with-dsym";
				ENABLE_NS_ASSERTIONS = NO;
				ENABLE_STRICT_OBJC_MSGSEND = YES;
				GCC_C_LANGUAGE_STANDARD = gnu11;
				GCC_NO_COMMON_BLOCKS = YES;
				GCC_WARN_64_TO_32_BIT_CONVERSION = YES;
				GCC_WARN_ABOUT_RETURN_TYPE = YES_ERROR;
				GCC_WARN_UNDECLARED_SELECTOR = YES;
				GCC_WARN_UNINITIALIZED_AUTOS = YES_AGGRESSIVE;
				GCC_WARN_UNUSED_FUNCTION = YES;
				GCC_WARN_UNUSED_VARIABLE = YES;
				IPHONEOS_DEPLOYMENT_TARGET = 14.3;
				MTL_ENABLE_DEBUG_INFO = NO;
				MTL_FAST_MATH = YES;
				SDKROOT = iphoneos;
				SWIFT_COMPILATION_MODE = wholemodule;
				SWIFT_OPTIMIZATION_LEVEL = "-O";
				VALIDATE_PRODUCT = YES;
			};
			name = Release;
		};
		3CFCD280258ED37600D90AC3 /* Debug */ = {
			isa = XCBuildConfiguration;
			buildSettings = {
				ASSETCATALOG_COMPILER_APPICON_NAME = AppIcon;
				ASSETCATALOG_COMPILER_GLOBAL_ACCENT_COLOR_NAME = AccentColor;
				CODE_SIGN_STYLE = Automatic;
				DEVELOPMENT_TEAM = 9FE2ZR62M8;
				INFOPLIST_FILE = "Reddit Explorer/Info.plist";
				LD_RUNPATH_SEARCH_PATHS = (
					"$(inherited)",
					"@executable_path/Frameworks",
				);
				PRODUCT_BUNDLE_IDENTIFIER = "com.aridov.redditexpolorer.Reddit-Explorer";
				PRODUCT_NAME = "$(TARGET_NAME)";
				SWIFT_VERSION = 5.0;
				TARGETED_DEVICE_FAMILY = 1;
			};
			name = Debug;
		};
		3CFCD281258ED37600D90AC3 /* Release */ = {
			isa = XCBuildConfiguration;
			buildSettings = {
				ASSETCATALOG_COMPILER_APPICON_NAME = AppIcon;
				ASSETCATALOG_COMPILER_GLOBAL_ACCENT_COLOR_NAME = AccentColor;
				CODE_SIGN_STYLE = Automatic;
				DEVELOPMENT_TEAM = 9FE2ZR62M8;
				INFOPLIST_FILE = "Reddit Explorer/Info.plist";
				LD_RUNPATH_SEARCH_PATHS = (
					"$(inherited)",
					"@executable_path/Frameworks",
				);
				PRODUCT_BUNDLE_IDENTIFIER = "com.aridov.redditexpolorer.Reddit-Explorer";
				PRODUCT_NAME = "$(TARGET_NAME)";
				SWIFT_VERSION = 5.0;
				TARGETED_DEVICE_FAMILY = 1;
			};
			name = Release;
		};
/* End XCBuildConfiguration section */

/* Begin XCConfigurationList section */
		3CFCD266258ED37500D90AC3 /* Build configuration list for PBXProject "Reddit Explorer" */ = {
			isa = XCConfigurationList;
			buildConfigurations = (
				3CFCD27D258ED37600D90AC3 /* Debug */,
				3CFCD27E258ED37600D90AC3 /* Release */,
			);
			defaultConfigurationIsVisible = 0;
			defaultConfigurationName = Release;
		};
		3CFCD27F258ED37600D90AC3 /* Build configuration list for PBXNativeTarget "Reddit Explorer" */ = {
			isa = XCConfigurationList;
			buildConfigurations = (
				3CFCD280258ED37600D90AC3 /* Debug */,
				3CFCD281258ED37600D90AC3 /* Release */,
			);
			defaultConfigurationIsVisible = 0;
			defaultConfigurationName = Release;
		};
/* End XCConfigurationList section */
	};
	rootObject = 3CFCD263258ED37500D90AC3 /* Project object */;
}
